
Microsoft Visual Studio Solution File, Format Version 12.00
# Visual Studio Express 2012 for Web
Project("{E24C65DC-7377-472B-9ABA-BC803B73C61A}") = "Group7_SLPL", "\\home.iowa.uiowa.edu\jreed1\Desktop\Group7_SLPL\", "{5FC41508-E982-4398-AFBE-81E2474ED320}"
	ProjectSection(WebsiteProperties) = preProject
		TargetFrameworkMoniker = ".NETFramework,Version%3Dv4.0"
		Debug.AspNetCompiler.VirtualPath = "/Group7_SLPL"
		Debug.AspNetCompiler.PhysicalPath = "..\..\..\Desktop\Group7_SLPL\"
		Debug.AspNetCompiler.TargetPath = "PrecompiledWeb\Group7_SLPL\"
		Debug.AspNetCompiler.Updateable = "true"
		Debug.AspNetCompiler.ForceOverwrite = "true"
		Debug.AspNetCompiler.FixedNames = "false"
		Debug.AspNetCompiler.Debug = "True"
		Release.AspNetCompiler.VirtualPath = "/Group7_SLPL"
		Release.AspNetCompiler.PhysicalPath = "..\..\..\Desktop\Group7_SLPL\"
		Release.AspNetCompiler.TargetPath = "PrecompiledWeb\Group7_SLPL\"
		Release.AspNetCompiler.Updateable = "true"
		Release.AspNetCompiler.ForceOverwrite = "true"
		Release.AspNetCompiler.FixedNames = "false"
		Release.AspNetCompiler.Debug = "False"
		VWDPort = "63781"
	EndProjectSection
EndProject
Global
	GlobalSection(SolutionConfigurationPlatforms) = preSolution
		Debug|Any CPU = Debug|Any CPU
	EndGlobalSection
	GlobalSection(ProjectConfigurationPlatforms) = postSolution
		{5FC41508-E982-4398-AFBE-81E2474ED320}.Debug|Any CPU.ActiveCfg = Debug|Any CPU
		{5FC41508-E982-4398-AFBE-81E2474ED320}.Debug|Any CPU.Build.0 = Debug|Any CPU
	EndGlobalSection
	GlobalSection(SolutionProperties) = preSolution
		HideSolutionNode = FALSE
	EndGlobalSection
EndGlobal
